<Solution>
  <Project Path="src/KickBase.Analyzers.Codefixes/KickBase.Analyzers.Codefixes.csproj" />
  <Project Path="src/KickBase.Analyzers/KickBase.Analyzers.csproj" />
  <Project Path="src/Kickbase.Api/KickBase.Api.csproj" />
  <Project Path="src/KickBase.Domain/KickBase.Domain.csproj" />
  <Project Path="src/Kickbase.Export/KickBase.Export.csproj" />
  <Project Path="tests/KickBase.Tests/KickBase.Tests.csproj" />
</Solution>
